// !$*UTF8*$!
{
	archiveVersion = 1;
	classes = {
	};
	objectVersion = 50;
	objects = {

/* Begin PBXBuildFile section */
		340B26292682D205003CAF9C /* GithubApp.swift in Sources */ = {isa = PBXBuildFile; fileRef = 340B26282682D205003CAF9C /* GithubApp.swift */; };
		340B262B2682D205003CAF9C /* ContentView.swift in Sources */ = {isa = PBXBuildFile; fileRef = 340B262A2682D205003CAF9C /* ContentView.swift */; };
		340B262D2682D207003CAF9C /* Assets.xcassets in Resources */ = {isa = PBXBuildFile; fileRef = 340B262C2682D207003CAF9C /* Assets.xcassets */; };
		340B26302682D207003CAF9C /* Preview Assets.xcassets in Resources */ = {isa = PBXBuildFile; fileRef = 340B262F2682D207003CAF9C /* Preview Assets.xcassets */; };
		340B263D2682D270003CAF9C /* WebService.swift in Sources */ = {isa = PBXBuildFile; fileRef = 340B263C2682D270003CAF9C /* WebService.swift */; };
		340B26452682D2B9003CAF9C /* Item.swift in Sources */ = {isa = PBXBuildFile; fileRef = 340B263F2682D2B9003CAF9C /* Item.swift */; };
		340B26462682D2B9003CAF9C /* License.swift in Sources */ = {isa = PBXBuildFile; fileRef = 340B26402682D2B9003CAF9C /* License.swift */; };
		340B26472682D2B9003CAF9C /* GithubAPIResponse.swift in Sources */ = {isa = PBXBuildFile; fileRef = 340B26412682D2B9003CAF9C /* GithubAPIResponse.swift */; };
		340B264B2682DAB8003CAF9C /* Owner.swift in Sources */ = {isa = PBXBuildFile; fileRef = 340B264A2682DAB8003CAF9C /* Owner.swift */; };
		340B264D2682DB2A003CAF9C /* GithubService.swift in Sources */ = {isa = PBXBuildFile; fileRef = 340B264C2682DB2A003CAF9C /* GithubService.swift */; };
		340B264F2682DB62003CAF9C /* RepositoriesViewModel.swift in Sources */ = {isa = PBXBuildFile; fileRef = 340B264E2682DB62003CAF9C /* RepositoriesViewModel.swift */; };
		340B26512682DBA4003CAF9C /* Watchers.swift in Sources */ = {isa = PBXBuildFile; fileRef = 340B26502682DBA4003CAF9C /* Watchers.swift */; };
		340B26532682DBC0003CAF9C /* Stargazers.swift in Sources */ = {isa = PBXBuildFile; fileRef = 340B26522682DBC0003CAF9C /* Stargazers.swift */; };
		340B26552682DBD8003CAF9C /* Forks.swift in Sources */ = {isa = PBXBuildFile; fileRef = 340B26542682DBD8003CAF9C /* Forks.swift */; };
		340B26572682DBF4003CAF9C /* RepositoryListView.swift in Sources */ = {isa = PBXBuildFile; fileRef = 340B26562682DBF4003CAF9C /* RepositoryListView.swift */; };
		340B26592682DC05003CAF9C /* RepositoryView.swift in Sources */ = {isa = PBXBuildFile; fileRef = 340B26582682DC05003CAF9C /* RepositoryView.swift */; };
		340B265B2682DC30003CAF9C /* SearchBar.swift in Sources */ = {isa = PBXBuildFile; fileRef = 340B265A2682DC30003CAF9C /* SearchBar.swift */; };
		342B07BF26834C8C001B14A8 /* AvatarView.swift in Sources */ = {isa = PBXBuildFile; fileRef = 342B07BE26834C8C001B14A8 /* AvatarView.swift */; };
		342B07C126835A1D001B14A8 /* ImageDownloader.swift in Sources */ = {isa = PBXBuildFile; fileRef = 342B07C026835A1D001B14A8 /* ImageDownloader.swift */; };
/* End PBXBuildFile section */

/* Begin PBXFileReference section */
		340B26252682D205003CAF9C /* GithubApp.app */ = {isa = PBXFileReference; explicitFileType = wrapper.application; includeInIndex = 0; path = GithubApp.app; sourceTree = BUILT_PRODUCTS_DIR; };
		340B26282682D205003CAF9C /* GithubApp.swift */ = {isa = PBXFileReference; lastKnownFileType = sourcecode.swift; path = GithubApp.swift; sourceTree = "<group>"; };
		340B262A2682D205003CAF9C /* ContentView.swift */ = {isa = PBXFileReference; lastKnownFileType = sourcecode.swift; path = ContentView.swift; sourceTree = "<group>"; };
		340B262C2682D207003CAF9C /* Assets.xcassets */ = {isa = PBXFileReference; lastKnownFileType = folder.assetcatalog; path = Assets.xcassets; sourceTree = "<group>"; };
		340B262F2682D207003CAF9C /* Preview Assets.xcassets */ = {isa = PBXFileReference; lastKnownFileType = folder.assetcatalog; path = "Preview Assets.xcassets"; sourceTree = "<group>"; };
		340B26312682D207003CAF9C /* Info.plist */ = {isa = PBXFileReference; lastKnownFileType = text.plist.xml; path = Info.plist; sourceTree = "<group>"; };
		340B263C2682D270003CAF9C /* WebService.swift */ = {isa = PBXFileReference; lastKnownFileType = sourcecode.swift; path = WebService.swift; sourceTree = "<group>"; };
		340B263F2682D2B9003CAF9C /* Item.swift */ = {isa = PBXFileReference; fileEncoding = 4; lastKnownFileType = sourcecode.swift; path = Item.swift; sourceTree = "<group>"; };
		340B26402682D2B9003CAF9C /* License.swift */ = {isa = PBXFileReference; fileEncoding = 4; lastKnownFileType = sourcecode.swift; path = License.swift; sourceTree = "<group>"; };
		340B26412682D2B9003CAF9C /* GithubAPIResponse.swift */ = {isa = PBXFileReference; fileEncoding = 4; lastKnownFileType = sourcecode.swift; path = GithubAPIResponse.swift; sourceTree = "<group>"; };
		340B264A2682DAB8003CAF9C /* Owner.swift */ = {isa = PBXFileReference; lastKnownFileType = sourcecode.swift; path = Owner.swift; sourceTree = "<group>"; };
		340B264C2682DB2A003CAF9C /* GithubService.swift */ = {isa = PBXFileReference; lastKnownFileType = sourcecode.swift; path = GithubService.swift; sourceTree = "<group>"; };
		340B264E2682DB62003CAF9C /* RepositoriesViewModel.swift */ = {isa = PBXFileReference; lastKnownFileType = sourcecode.swift; path = RepositoriesViewModel.swift; sourceTree = "<group>"; };
		340B26502682DBA4003CAF9C /* Watchers.swift */ = {isa = PBXFileReference; lastKnownFileType = sourcecode.swift; path = Watchers.swift; sourceTree = "<group>"; };
		340B26522682DBC0003CAF9C /* Stargazers.swift */ = {isa = PBXFileReference; lastKnownFileType = sourcecode.swift; path = Stargazers.swift; sourceTree = "<group>"; };
		340B26542682DBD8003CAF9C /* Forks.swift */ = {isa = PBXFileReference; lastKnownFileType = sourcecode.swift; path = Forks.swift; sourceTree = "<group>"; };
		340B26562682DBF4003CAF9C /* RepositoryListView.swift */ = {isa = PBXFileReference; lastKnownFileType = sourcecode.swift; path = RepositoryListView.swift; sourceTree = "<group>"; };
		340B26582682DC05003CAF9C /* RepositoryView.swift */ = {isa = PBXFileReference; lastKnownFileType = sourcecode.swift; path = RepositoryView.swift; sourceTree = "<group>"; };
		340B265A2682DC30003CAF9C /* SearchBar.swift */ = {isa = PBXFileReference; lastKnownFileType = sourcecode.swift; path = SearchBar.swift; sourceTree = "<group>"; };
		342B07BE26834C8C001B14A8 /* AvatarView.swift */ = {isa = PBXFileReference; lastKnownFileType = sourcecode.swift; path = AvatarView.swift; sourceTree = "<group>"; };
		342B07C026835A1D001B14A8 /* ImageDownloader.swift */ = {isa = PBXFileReference; lastKnownFileType = sourcecode.swift; path = ImageDownloader.swift; sourceTree = "<group>"; };
/* End PBXFileReference section */

/* Begin PBXFrameworksBuildPhase section */
		340B26222682D205003CAF9C /* Frameworks */ = {
			isa = PBXFrameworksBuildPhase;
			buildActionMask = 2147483647;
			files = (
			);
			runOnlyForDeploymentPostprocessing = 0;
		};
/* End PBXFrameworksBuildPhase section */

/* Begin PBXGroup section */
		340B261C2682D205003CAF9C = {
			isa = PBXGroup;
			children = (
				340B26272682D205003CAF9C /* GithubApp */,
				340B26262682D205003CAF9C /* Products */,
			);
			sourceTree = "<group>";
		};
		340B26262682D205003CAF9C /* Products */ = {
			isa = PBXGroup;
			children = (
				340B26252682D205003CAF9C /* GithubApp.app */,
			);
			name = Products;
			sourceTree = "<group>";
		};
		340B26272682D205003CAF9C /* GithubApp */ = {
			isa = PBXGroup;
			children = (
				340B263B2682D25B003CAF9C /* Service */,
				340B263A2682D252003CAF9C /* View */,
				340B26392682D24D003CAF9C /* Model */,
				340B26382682D245003CAF9C /* ViewModel */,
				340B26372682D238003CAF9C /* Network */,
				340B26282682D205003CAF9C /* GithubApp.swift */,
				340B262A2682D205003CAF9C /* ContentView.swift */,
				340B262C2682D207003CAF9C /* Assets.xcassets */,
				340B26312682D207003CAF9C /* Info.plist */,
				340B262E2682D207003CAF9C /* Preview Content */,
			);
			path = GithubApp;
			sourceTree = "<group>";
		};
		340B262E2682D207003CAF9C /* Preview Content */ = {
			isa = PBXGroup;
			children = (
				340B262F2682D207003CAF9C /* Preview Assets.xcassets */,
			);
			path = "Preview Content";
			sourceTree = "<group>";
		};
		340B26372682D238003CAF9C /* Network */ = {
			isa = PBXGroup;
			children = (
				340B263C2682D270003CAF9C /* WebService.swift */,
			);
			path = Network;
			sourceTree = "<group>";
		};
		340B26382682D245003CAF9C /* ViewModel */ = {
			isa = PBXGroup;
			children = (
				340B264E2682DB62003CAF9C /* RepositoriesViewModel.swift */,
				342B07C026835A1D001B14A8 /* ImageDownloader.swift */,
			);
			path = ViewModel;
			sourceTree = "<group>";
		};
		340B26392682D24D003CAF9C /* Model */ = {
			isa = PBXGroup;
			children = (
				340B26412682D2B9003CAF9C /* GithubAPIResponse.swift */,
				340B263F2682D2B9003CAF9C /* Item.swift */,
				340B26402682D2B9003CAF9C /* License.swift */,
				340B264A2682DAB8003CAF9C /* Owner.swift */,
			);
			path = Model;
			sourceTree = "<group>";
		};
		340B263A2682D252003CAF9C /* View */ = {
			isa = PBXGroup;
			children = (
				340B26502682DBA4003CAF9C /* Watchers.swift */,
				340B26522682DBC0003CAF9C /* Stargazers.swift */,
				340B26542682DBD8003CAF9C /* Forks.swift */,
				340B26562682DBF4003CAF9C /* RepositoryListView.swift */,
				340B26582682DC05003CAF9C /* RepositoryView.swift */,
				340B265A2682DC30003CAF9C /* SearchBar.swift */,
				342B07BE26834C8C001B14A8 /* AvatarView.swift */,
			);
			path = View;
			sourceTree = "<group>";
		};
		340B263B2682D25B003CAF9C /* Service */ = {
			isa = PBXGroup;
			children = (
				340B264C2682DB2A003CAF9C /* GithubService.swift */,
			);
			path = Service;
			sourceTree = "<group>";
		};
/* End PBXGroup section */

/* Begin PBXNativeTarget section */
		340B26242682D205003CAF9C /* GithubApp */ = {
			isa = PBXNativeTarget;
			buildConfigurationList = 340B26342682D207003CAF9C /* Build configuration list for PBXNativeTarget "GithubApp" */;
			buildPhases = (
				340B26212682D205003CAF9C /* Sources */,
				340B26222682D205003CAF9C /* Frameworks */,
				340B26232682D205003CAF9C /* Resources */,
			);
			buildRules = (
			);
			dependencies = (
			);
			name = GithubApp;
			productName = GithubApp;
			productReference = 340B26252682D205003CAF9C /* GithubApp.app */;
			productType = "com.apple.product-type.application";
		};
/* End PBXNativeTarget section */

/* Begin PBXProject section */
		340B261D2682D205003CAF9C /* Project object */ = {
			isa = PBXProject;
			attributes = {
				LastSwiftUpdateCheck = 1250;
				LastUpgradeCheck = 1250;
				TargetAttributes = {
					340B26242682D205003CAF9C = {
						CreatedOnToolsVersion = 12.5;
					};
				};
			};
			buildConfigurationList = 340B26202682D205003CAF9C /* Build configuration list for PBXProject "GithubApp" */;
			compatibilityVersion = "Xcode 9.3";
			developmentRegion = en;
			hasScannedForEncodings = 0;
			knownRegions = (
				en,
				Base,
			);
			mainGroup = 340B261C2682D205003CAF9C;
			productRefGroup = 340B26262682D205003CAF9C /* Products */;
			projectDirPath = "";
			projectRoot = "";
			targets = (
				340B26242682D205003CAF9C /* GithubApp */,
			);
		};
/* End PBXProject section */

/* Begin PBXResourcesBuildPhase section */
		340B26232682D205003CAF9C /* Resources */ = {
			isa = PBXResourcesBuildPhase;
			buildActionMask = 2147483647;
			files = (
				340B26302682D207003CAF9C /* Preview Assets.xcassets in Resources */,
				340B262D2682D207003CAF9C /* Assets.xcassets in Resources */,
			);
			runOnlyForDeploymentPostprocessing = 0;
		};
/* End PBXResourcesBuildPhase section */

/* Begin PBXSourcesBuildPhase section */
		340B26212682D205003CAF9C /* Sources */ = {
			isa = PBXSourcesBuildPhase;
			buildActionMask = 2147483647;
			files = (
				340B26452682D2B9003CAF9C /* Item.swift in Sources */,
				340B26532682DBC0003CAF9C /* Stargazers.swift in Sources */,
				340B265B2682DC30003CAF9C /* SearchBar.swift in Sources */,
				340B26472682D2B9003CAF9C /* GithubAPIResponse.swift in Sources */,
				340B26552682DBD8003CAF9C /* Forks.swift in Sources */,
				342B07BF26834C8C001B14A8 /* AvatarView.swift in Sources */,
				340B264D2682DB2A003CAF9C /* GithubService.swift in Sources */,
				340B264B2682DAB8003CAF9C /* Owner.swift in Sources */,
				340B26512682DBA4003CAF9C /* Watchers.swift in Sources */,
				342B07C126835A1D001B14A8 /* ImageDownloader.swift in Sources */,
				340B264F2682DB62003CAF9C /* RepositoriesViewModel.swift in Sources */,
				340B26592682DC05003CAF9C /* RepositoryView.swift in Sources */,
				340B26572682DBF4003CAF9C /* RepositoryListView.swift in Sources */,
				340B263D2682D270003CAF9C /* WebService.swift in Sources */,
				340B262B2682D205003CAF9C /* ContentView.swift in Sources */,
				340B26292682D205003CAF9C /* GithubApp.swift in Sources */,
				340B26462682D2B9003CAF9C /* License.swift in Sources */,
			);
			runOnlyForDeploymentPostprocessing = 0;
		};
/* End PBXSourcesBuildPhase section */

/* Begin XCBuildConfiguration section */
		340B26322682D207003CAF9C /* Debug */ = {
			isa = XCBuildConfiguration;
			buildSettings = {
				ALWAYS_SEARCH_USER_PATHS = NO;
				CLANG_ANALYZER_NONNULL = YES;
				CLANG_ANALYZER_NUMBER_OBJECT_CONVERSION = YES_AGGRESSIVE;
				CLANG_CXX_LANGUAGE_STANDARD = "gnu++14";
				CLANG_CXX_LIBRARY = "libc++";
				CLANG_ENABLE_MODULES = YES;
				CLANG_ENABLE_OBJC_ARC = YES;
				CLANG_ENABLE_OBJC_WEAK = YES;
				CLANG_WARN_BLOCK_CAPTURE_AUTORELEASING = YES;
				CLANG_WARN_BOOL_CONVERSION = YES;
				CLANG_WARN_COMMA = YES;
				CLANG_WARN_CONSTANT_CONVERSION = YES;
				CLANG_WARN_DEPRECATED_OBJC_IMPLEMENTATIONS = YES;
				CLANG_WARN_DIRECT_OBJC_ISA_USAGE = YES_ERROR;
				CLANG_WARN_DOCUMENTATION_COMMENTS = YES;
				CLANG_WARN_EMPTY_BODY = YES;
				CLANG_WARN_ENUM_CONVERSION = YES;
				CLANG_WARN_INFINITE_RECURSION = YES;
				CLANG_WARN_INT_CONVERSION = YES;
				CLANG_WARN_NON_LITERAL_NULL_CONVERSION = YES;
				CLANG_WARN_OBJC_IMPLICIT_RETAIN_SELF = YES;
				CLANG_WARN_OBJC_LITERAL_CONVERSION = YES;
				CLANG_WARN_OBJC_ROOT_CLASS = YES_ERROR;
				CLANG_WARN_QUOTED_INCLUDE_IN_FRAMEWORK_HEADER = YES;
				CLANG_WARN_RANGE_LOOP_ANALYSIS = YES;
				CLANG_WARN_STRICT_PROTOTYPES = YES;
				CLANG_WARN_SUSPICIOUS_MOVE = YES;
				CLANG_WARN_UNGUARDED_AVAILABILITY = YES_AGGRESSIVE;
				CLANG_WARN_UNREACHABLE_CODE = YES;
				CLANG_WARN__DUPLICATE_METHOD_MATCH = YES;
				COPY_PHASE_STRIP = NO;
				DEBUG_INFORMATION_FORMAT = dwarf;
				ENABLE_STRICT_OBJC_MSGSEND = YES;
				ENABLE_TESTABILITY = YES;
				GCC_C_LANGUAGE_STANDARD = gnu11;
				GCC_DYNAMIC_NO_PIC = NO;
				GCC_NO_COMMON_BLOCKS = YES;
				GCC_OPTIMIZATION_LEVEL = 0;
				GCC_PREPROCESSOR_DEFINITIONS = (
					"DEBUG=1",
					"$(inherited)",
				);
				GCC_WARN_64_TO_32_BIT_CONVERSION = YES;
				GCC_WARN_ABOUT_RETURN_TYPE = YES_ERROR;
				GCC_WARN_UNDECLARED_SELECTOR = YES;
				GCC_WARN_UNINITIALIZED_AUTOS = YES_AGGRESSIVE;
				GCC_WARN_UNUSED_FUNCTION = YES;
				GCC_WARN_UNUSED_VARIABLE = YES;
				IPHONEOS_DEPLOYMENT_TARGET = 14.5;
				MTL_ENABLE_DEBUG_INFO = INCLUDE_SOURCE;
				MTL_FAST_MATH = YES;
				ONLY_ACTIVE_ARCH = YES;
				SDKROOT = iphoneos;
				SWIFT_ACTIVE_COMPILATION_CONDITIONS = DEBUG;
				SWIFT_OPTIMIZATION_LEVEL = "-Onone";
			};
			name = Debug;
		};
		340B26332682D207003CAF9C /* Release */ = {
			isa = XCBuildConfiguration;
			buildSettings = {
				ALWAYS_SEARCH_USER_PATHS = NO;
				CLANG_ANALYZER_NONNULL = YES;
				CLANG_ANALYZER_NUMBER_OBJECT_CONVERSION = YES_AGGRESSIVE;
				CLANG_CXX_LANGUAGE_STANDARD = "gnu++14";
				CLANG_CXX_LIBRARY = "libc++";
				CLANG_ENABLE_MODULES = YES;
				CLANG_ENABLE_OBJC_ARC = YES;
				CLANG_ENABLE_OBJC_WEAK = YES;
				CLANG_WARN_BLOCK_CAPTURE_AUTORELEASING = YES;
				CLANG_WARN_BOOL_CONVERSION = YES;
				CLANG_WARN_COMMA = YES;
				CLANG_WARN_CONSTANT_CONVERSION = YES;
				CLANG_WARN_DEPRECATED_OBJC_IMPLEMENTATIONS = YES;
				CLANG_WARN_DIRECT_OBJC_ISA_USAGE = YES_ERROR;
				CLANG_WARN_DOCUMENTATION_COMMENTS = YES;
				CLANG_WARN_EMPTY_BODY = YES;
				CLANG_WARN_ENUM_CONVERSION = YES;
				CLANG_WARN_INFINITE_RECURSION = YES;
				CLANG_WARN_INT_CONVERSION = YES;
				CLANG_WARN_NON_LITERAL_NULL_CONVERSION = YES;
				CLANG_WARN_OBJC_IMPLICIT_RETAIN_SELF = YES;
				CLANG_WARN_OBJC_LITERAL_CONVERSION = YES;
				CLANG_WARN_OBJC_ROOT_CLASS = YES_ERROR;
				CLANG_WARN_QUOTED_INCLUDE_IN_FRAMEWORK_HEADER = YES;
				CLANG_WARN_RANGE_LOOP_ANALYSIS = YES;
				CLANG_WARN_STRICT_PROTOTYPES = YES;
				CLANG_WARN_SUSPICIOUS_MOVE = YES;
				CLANG_WARN_UNGUARDED_AVAILABILITY = YES_AGGRESSIVE;
				CLANG_WARN_UNREACHABLE_CODE = YES;
				CLANG_WARN__DUPLICATE_METHOD_MATCH = YES;
				COPY_PHASE_STRIP = NO;
				DEBUG_INFORMATION_FORMAT = "dwarf-with-dsym";
				ENABLE_NS_ASSERTIONS = NO;
				ENABLE_STRICT_OBJC_MSGSEND = YES;
				GCC_C_LANGUAGE_STANDARD = gnu11;
				GCC_NO_COMMON_BLOCKS = YES;
				GCC_WARN_64_TO_32_BIT_CONVERSION = YES;
				GCC_WARN_ABOUT_RETURN_TYPE = YES_ERROR;
				GCC_WARN_UNDECLARED_SELECTOR = YES;
				GCC_WARN_UNINITIALIZED_AUTOS = YES_AGGRESSIVE;
				GCC_WARN_UNUSED_FUNCTION = YES;
				GCC_WARN_UNUSED_VARIABLE = YES;
				IPHONEOS_DEPLOYMENT_TARGET = 14.5;
				MTL_ENABLE_DEBUG_INFO = NO;
				MTL_FAST_MATH = YES;
				SDKROOT = iphoneos;
				SWIFT_COMPILATION_MODE = wholemodule;
				SWIFT_OPTIMIZATION_LEVEL = "-O";
				VALIDATE_PRODUCT = YES;
			};
			name = Release;
		};
		340B26352682D207003CAF9C /* Debug */ = {
			isa = XCBuildConfiguration;
			buildSettings = {
				ASSETCATALOG_COMPILER_APPICON_NAME = AppIcon;
				ASSETCATALOG_COMPILER_GLOBAL_ACCENT_COLOR_NAME = AccentColor;
				CODE_SIGN_ENTITLEMENTS = GithubApp/GithubApp.entitlements;
				CODE_SIGN_STYLE = Automatic;
				DEVELOPMENT_ASSET_PATHS = "\"GithubApp/Preview Content\"";
				DEVELOPMENT_TEAM = N38EC3HSGY;
				ENABLE_PREVIEWS = YES;
				INFOPLIST_FILE = GithubApp/Info.plist;
				IPHONEOS_DEPLOYMENT_TARGET = 14.0;
				LD_RUNPATH_SEARCH_PATHS = (
					"$(inherited)",
					"@executable_path/Frameworks",
				);
				PRODUCT_BUNDLE_IDENTIFIER = com.nirajtiwari.GithubApp;
				PRODUCT_NAME = "$(TARGET_NAME)";
				SUPPORTS_MACCATALYST = NO;
				SWIFT_VERSION = 5.0;
				TARGETED_DEVICE_FAMILY = "1,2";
			};
			name = Debug;
		};
		340B26362682D207003CAF9C /* Release */ = {
			isa = XCBuildConfiguration;
			buildSettings = {
				ASSETCATALOG_COMPILER_APPICON_NAME = AppIcon;
				ASSETCATALOG_COMPILER_GLOBAL_ACCENT_COLOR_NAME = AccentColor;
				CODE_SIGN_ENTITLEMENTS = GithubApp/GithubApp.entitlements;
				CODE_SIGN_STYLE = Automatic;
				DEVELOPMENT_ASSET_PATHS = "\"GithubApp/Preview Content\"";
				DEVELOPMENT_TEAM = N38EC3HSGY;
				ENABLE_PREVIEWS = YES;
				INFOPLIST_FILE = GithubApp/Info.plist;
				IPHONEOS_DEPLOYMENT_TARGET = 14.0;
				LD_RUNPATH_SEARCH_PATHS = (
					"$(inherited)",
					"@executable_path/Frameworks",
				);
				PRODUCT_BUNDLE_IDENTIFIER = com.nirajtiwari.GithubApp;
				PRODUCT_NAME = "$(TARGET_NAME)";
				SUPPORTS_MACCATALYST = NO;
				SWIFT_VERSION = 5.0;
				TARGETED_DEVICE_FAMILY = "1,2";
			};
			name = Release;
		};
/* End XCBuildConfiguration section */

/* Begin XCConfigurationList section */
		340B26202682D205003CAF9C /* Build configuration list for PBXProject "GithubApp" */ = {
			isa = XCConfigurationList;
			buildConfigurations = (
				340B26322682D207003CAF9C /* Debug */,
				340B26332682D207003CAF9C /* Release */,
			);
			defaultConfigurationIsVisible = 0;
			defaultConfigurationName = Release;
		};
		340B26342682D207003CAF9C /* Build configuration list for PBXNativeTarget "GithubApp" */ = {
			isa = XCConfigurationList;
			buildConfigurations = (
				340B26352682D207003CAF9C /* Debug */,
				340B26362682D207003CAF9C /* Release */,
			);
			defaultConfigurationIsVisible = 0;
			defaultConfigurationName = Release;
		};
/* End XCConfigurationList section */
	};
	rootObject = 340B261D2682D205003CAF9C /* Project object */;
}
